
Microsoft Visual Studio Solution File, Format Version 12.00
# Visual Studio 15
VisualStudioVersion = 15.0.27703.2035
MinimumVisualStudioVersion = 10.0.40219.1
Project("{8BC9CEB8-8B4A-11D0-8D11-00A0C91BC942}") = "server", "recvn\recvn.vcxproj", "{CBB82312-38F0-4265-8277-97E339171F52}"
EndProject
Project("{8BC9CEB8-8B4A-11D0-8D11-00A0C91BC942}") = "client", "client\client.vcxproj", "{4D71FB2F-F464-4B97-9448-CC7B26BD1BAE}"
EndProject
Global
	GlobalSection(SolutionConfigurationPlatforms) = preSolution
		Debug|x64 = Debug|x64
		Debug|x86 = Debug|x86
		Release|x64 = Release|x64
		Release|x86 = Release|x86
	EndGlobalSection
	GlobalSection(ProjectConfigurationPlatforms) = postSolution
		{CBB82312-38F0-4265-8277-97E339171F52}.Debug|x64.ActiveCfg = Debug|x64
		{CBB82312-38F0-4265-8277-97E339171F52}.Debug|x64.Build.0 = Debug|x64
		{CBB82312-38F0-4265-8277-97E339171F52}.Debug|x86.ActiveCfg = Debug|Win32
		{CBB82312-38F0-4265-8277-97E339171F52}.Debug|x86.Build.0 = Debug|Win32
		{CBB82312-38F0-4265-8277-97E339171F52}.Release|x64.ActiveCfg = Release|x64
		{CBB82312-38F0-4265-8277-97E339171F52}.Release|x64.Build.0 = Release|x64
		{CBB82312-38F0-4265-8277-97E339171F52}.Release|x86.ActiveCfg = Release|Win32
		{CBB82312-38F0-4265-8277-97E339171F52}.Release|x86.Build.0 = Release|Win32
		{4D71FB2F-F464-4B97-9448-CC7B26BD1BAE}.Debug|x64.ActiveCfg = Debug|x64
		{4D71FB2F-F464-4B97-9448-CC7B26BD1BAE}.Debug|x64.Build.0 = Debug|x64
		{4D71FB2F-F464-4B97-9448-CC7B26BD1BAE}.Debug|x86.ActiveCfg = Debug|Win32
		{4D71FB2F-F464-4B97-9448-CC7B26BD1BAE}.Debug|x86.Build.0 = Debug|Win32
		{4D71FB2F-F464-4B97-9448-CC7B26BD1BAE}.Release|x64.ActiveCfg = Release|x64
		{4D71FB2F-F464-4B97-9448-CC7B26BD1BAE}.Release|x64.Build.0 = Release|x64
		{4D71FB2F-F464-4B97-9448-CC7B26BD1BAE}.Release|x86.ActiveCfg = Release|Win32
		{4D71FB2F-F464-4B97-9448-CC7B26BD1BAE}.Release|x86.Build.0 = Release|Win32
	EndGlobalSection
	GlobalSection(SolutionProperties) = preSolution
		HideSolutionNode = FALSE
	EndGlobalSection
	GlobalSection(ExtensibilityGlobals) = postSolution
		SolutionGuid = {36C18CD1-5E16-446F-988A-B48A144D9FCD}
	EndGlobalSection
EndGlobal
